
Microsoft Visual Studio Solution File, Format Version 12.00
# Visual Studio Version 17
VisualStudioVersion = 17.14.36511.14 d17.14
MinimumVisualStudioVersion = 10.0.40219.1
Project("{FAE04EC0-301F-11D3-BF4B-00C04F79EFBC}") = "ChatClient", "ChatClient\ChatClient.csproj", "{88FC82B5-1A9C-4DF7-AA8A-1F994F20BDED}"
EndProject
Project("{FAE04EC0-301F-11D3-BF4B-00C04F79EFBC}") = "ChatServer", "ChatServer\ChatServer.csproj", "{2E757AA5-CF83-440D-ABBD-A51CDB7E9E7D}"
EndProject
Global
	GlobalSection(SolutionConfigurationPlatforms) = preSolution
		Debug|Any CPU = Debug|Any CPU
		Release|Any CPU = Release|Any CPU
	EndGlobalSection
	GlobalSection(ProjectConfigurationPlatforms) = postSolution
		{88FC82B5-1A9C-4DF7-AA8A-1F994F20BDED}.Debug|Any CPU.ActiveCfg = Debug|Any CPU
		{88FC82B5-1A9C-4DF7-AA8A-1F994F20BDED}.Debug|Any CPU.Build.0 = Debug|Any CPU
		{88FC82B5-1A9C-4DF7-AA8A-1F994F20BDED}.Release|Any CPU.ActiveCfg = Release|Any CPU
		{88FC82B5-1A9C-4DF7-AA8A-1F994F20BDED}.Release|Any CPU.Build.0 = Release|Any CPU
		{2E757AA5-CF83-440D-ABBD-A51CDB7E9E7D}.Debug|Any CPU.ActiveCfg = Debug|Any CPU
		{2E757AA5-CF83-440D-ABBD-A51CDB7E9E7D}.Debug|Any CPU.Build.0 = Debug|Any CPU
		{2E757AA5-CF83-440D-ABBD-A51CDB7E9E7D}.Release|Any CPU.ActiveCfg = Release|Any CPU
		{2E757AA5-CF83-440D-ABBD-A51CDB7E9E7D}.Release|Any CPU.Build.0 = Release|Any CPU
	EndGlobalSection
	GlobalSection(SolutionProperties) = preSolution
		HideSolutionNode = FALSE
	EndGlobalSection
	GlobalSection(ExtensibilityGlobals) = postSolution
		SolutionGuid = {7B977989-995A-4C99-A4AA-B730D2D28507}
	EndGlobalSection
EndGlobal
